
Microsoft Visual Studio Solution File, Format Version 12.00
# Visual Studio Version 17
VisualStudioVersion = 17.8.34330.188
MinimumVisualStudioVersion = 10.0.40219.1
Project("{FAE04EC0-301F-11D3-BF4B-00C04F79EFBC}") = "Sr", "Sr\Sr.csproj", "{39121ED7-EF17-4836-AC3B-27081AA6EB82}"
EndProject
Global
	GlobalSection(SolutionConfigurationPlatforms) = preSolution
		Debug|Any CPU = Debug|Any CPU
		Release|Any CPU = Release|Any CPU
	EndGlobalSection
	GlobalSection(ProjectConfigurationPlatforms) = postSolution
		{39121ED7-EF17-4836-AC3B-27081AA6EB82}.Debug|Any CPU.ActiveCfg = Debug|Any CPU
		{39121ED7-EF17-4836-AC3B-27081AA6EB82}.Debug|Any CPU.Build.0 = Debug|Any CPU
		{39121ED7-EF17-4836-AC3B-27081AA6EB82}.Debug|Any CPU.Deploy.0 = Debug|Any CPU
		{39121ED7-EF17-4836-AC3B-27081AA6EB82}.Release|Any CPU.ActiveCfg = Release|Any CPU
		{39121ED7-EF17-4836-AC3B-27081AA6EB82}.Release|Any CPU.Build.0 = Release|Any CPU
		{39121ED7-EF17-4836-AC3B-27081AA6EB82}.Release|Any CPU.Deploy.0 = Release|Any CPU
	EndGlobalSection
	GlobalSection(SolutionProperties) = preSolution
		HideSolutionNode = FALSE
	EndGlobalSection
	GlobalSection(ExtensibilityGlobals) = postSolution
		SolutionGuid = {DAF64707-F36C-4BE7-BF76-D78F08F14451}
	EndGlobalSection
EndGlobal
